
Microsoft Visual Studio Solution File, Format Version 12.00
# Visual Studio Version 16
VisualStudioVersion = 16.0.31129.286
MinimumVisualStudioVersion = 10.0.40219.1
Project("{9A19103F-16F7-4668-BE54-9A1E7A4F7556}") = "Orlando", "Orlando.csproj", "{3C173409-70C5-45C0-9D94-4E1EE485A5E6}"
EndProject
Project("{2150E333-8FDC-42A3-9474-1A3956D46DE8}") = "Solution Items", "Solution Items", "{CA29DBC3-599C-4B63-87A2-B2B1E13F58B9}"
	ProjectSection(SolutionItems) = preProject
		.editorconfig = .editorconfig
	EndProjectSection
EndProject
Global
	GlobalSection(SolutionConfigurationPlatforms) = preSolution
		Debug|Any CPU = Debug|Any CPU
		Release|Any CPU = Release|Any CPU
	EndGlobalSection
	GlobalSection(ProjectConfigurationPlatforms) = postSolution
		{3C173409-70C5-45C0-9D94-4E1EE485A5E6}.Debug|Any CPU.ActiveCfg = Debug|Any CPU
		{3C173409-70C5-45C0-9D94-4E1EE485A5E6}.Debug|Any CPU.Build.0 = Debug|Any CPU
		{3C173409-70C5-45C0-9D94-4E1EE485A5E6}.Release|Any CPU.ActiveCfg = Release|Any CPU
		{3C173409-70C5-45C0-9D94-4E1EE485A5E6}.Release|Any CPU.Build.0 = Release|Any CPU
	EndGlobalSection
	GlobalSection(SolutionProperties) = preSolution
		HideSolutionNode = FALSE
	EndGlobalSection
	GlobalSection(ExtensibilityGlobals) = postSolution
		SolutionGuid = {8F2F1280-2A2A-4583-AA22-FF6A04F4DE46}
	EndGlobalSection
EndGlobal
